
Microsoft Visual Studio Solution File, Format Version 12.00
Project("{2150E333-8FDC-42A3-9474-1A3956D46DE8}") = "Source", "Source", "{00C9F720-9032-478D-9812-6909316685CF}"
EndProject
Project("{2150E333-8FDC-42A3-9474-1A3956D46DE8}") = "Test", "Test", "{C2A5D661-1C69-4DC1-89CC-DF91E8E70FBA}"
EndProject
Project("{FAE04EC0-301F-11D3-BF4B-00C04F79EFBC}") = "Bookify.Domain", "Bookify.Domain\Bookify.Domain.csproj", "{B66C6E70-8854-469F-B8F5-D006711C492F}"
EndProject
Project("{FAE04EC0-301F-11D3-BF4B-00C04F79EFBC}") = "Bookify.Application", "Bookify.Application\Bookify.Application.csproj", "{9122506F-9FB4-4390-B76B-89927720E114}"
EndProject
Project("{FAE04EC0-301F-11D3-BF4B-00C04F79EFBC}") = "Bookify.Infrastructure", "Bookify.Infrastructure\Bookify.Infrastructure.csproj", "{196D1D80-1239-4FF0-BFB4-63D61B64D5AB}"
EndProject
Global
	GlobalSection(SolutionConfigurationPlatforms) = preSolution
		Debug|Any CPU = Debug|Any CPU
		Release|Any CPU = Release|Any CPU
	EndGlobalSection
	GlobalSection(NestedProjects) = preSolution
		{B66C6E70-8854-469F-B8F5-D006711C492F} = {00C9F720-9032-478D-9812-6909316685CF}
		{9122506F-9FB4-4390-B76B-89927720E114} = {00C9F720-9032-478D-9812-6909316685CF}
		{196D1D80-1239-4FF0-BFB4-63D61B64D5AB} = {00C9F720-9032-478D-9812-6909316685CF}
	EndGlobalSection
	GlobalSection(ProjectConfigurationPlatforms) = postSolution
		{B66C6E70-8854-469F-B8F5-D006711C492F}.Debug|Any CPU.ActiveCfg = Debug|Any CPU
		{B66C6E70-8854-469F-B8F5-D006711C492F}.Debug|Any CPU.Build.0 = Debug|Any CPU
		{B66C6E70-8854-469F-B8F5-D006711C492F}.Release|Any CPU.ActiveCfg = Release|Any CPU
		{B66C6E70-8854-469F-B8F5-D006711C492F}.Release|Any CPU.Build.0 = Release|Any CPU
		{9122506F-9FB4-4390-B76B-89927720E114}.Debug|Any CPU.ActiveCfg = Debug|Any CPU
		{9122506F-9FB4-4390-B76B-89927720E114}.Debug|Any CPU.Build.0 = Debug|Any CPU
		{9122506F-9FB4-4390-B76B-89927720E114}.Release|Any CPU.ActiveCfg = Release|Any CPU
		{9122506F-9FB4-4390-B76B-89927720E114}.Release|Any CPU.Build.0 = Release|Any CPU
		{196D1D80-1239-4FF0-BFB4-63D61B64D5AB}.Debug|Any CPU.ActiveCfg = Debug|Any CPU
		{196D1D80-1239-4FF0-BFB4-63D61B64D5AB}.Debug|Any CPU.Build.0 = Debug|Any CPU
		{196D1D80-1239-4FF0-BFB4-63D61B64D5AB}.Release|Any CPU.ActiveCfg = Release|Any CPU
		{196D1D80-1239-4FF0-BFB4-63D61B64D5AB}.Release|Any CPU.Build.0 = Release|Any CPU
	EndGlobalSection
EndGlobal
